
Microsoft Visual Studio Solution File, Format Version 12.00
# Visual Studio Version 17
VisualStudioVersion = 17.11.35312.102
MinimumVisualStudioVersion = 10.0.40219.1
Project("{8BC9CEB8-8B4A-11D0-8D11-00A0C91BC942}") = "Project1", "Project1\Project1.vcxproj", "{F4FAF638-47FB-40E9-8D73-0198D4F517D9}"
EndProject
Project("{8BC9CEB8-8B4A-11D0-8D11-00A0C91BC942}") = "Project2", "Project2\Project2.vcxproj", "{F70C3E60-6CD8-4098-A686-C22D69E69004}"
EndProject
Project("{8BC9CEB8-8B4A-11D0-8D11-00A0C91BC942}") = "Project3", "Project3\Project3.vcxproj", "{488EDDAA-051A-43FC-9A53-EE0F6D4A73E4}"
EndProject
Project("{8BC9CEB8-8B4A-11D0-8D11-00A0C91BC942}") = "Project4", "Project4\Project4.vcxproj", "{BB306CEC-B91F-4B7D-9B70-2B196A037DA1}"
EndProject
Project("{8BC9CEB8-8B4A-11D0-8D11-00A0C91BC942}") = "Project5", "Project5\Project5.vcxproj", "{D1A248E8-08D4-49A5-ADB4-EE2A3F9CBC27}"
EndProject
Project("{8BC9CEB8-8B4A-11D0-8D11-00A0C91BC942}") = "Project6", "Project6\Project6.vcxproj", "{71DE2E48-2843-4484-8F3D-F888EAA41281}"
EndProject
Project("{8BC9CEB8-8B4A-11D0-8D11-00A0C91BC942}") = "Project7", "Project7\Project7.vcxproj", "{CF7D1C47-391E-4A67-A098-20BC859D5DE2}"
EndProject
Project("{8BC9CEB8-8B4A-11D0-8D11-00A0C91BC942}") = "Project8", "Project8\Project8.vcxproj", "{EC574DC0-A5A8-49A4-9765-222C8032CBEC}"
EndProject
Project("{8BC9CEB8-8B4A-11D0-8D11-00A0C91BC942}") = "Project9", "Project9\Project9.vcxproj", "{E2AA0191-A784-4246-9DA4-BD3AAC63321B}"
EndProject
Project("{8BC9CEB8-8B4A-11D0-8D11-00A0C91BC942}") = "Project10", "Project10\Project10.vcxproj", "{977B94BC-4268-4E78-BDCA-B5A8EBCDA3AF}"
EndProject
Global
	GlobalSection(SolutionConfigurationPlatforms) = preSolution
		Debug|x64 = Debug|x64
		Debug|x86 = Debug|x86
		Release|x64 = Release|x64
		Release|x86 = Release|x86
	EndGlobalSection
	GlobalSection(ProjectConfigurationPlatforms) = postSolution
		{F4FAF638-47FB-40E9-8D73-0198D4F517D9}.Debug|x64.ActiveCfg = Debug|x64
		{F4FAF638-47FB-40E9-8D73-0198D4F517D9}.Debug|x64.Build.0 = Debug|x64
		{F4FAF638-47FB-40E9-8D73-0198D4F517D9}.Debug|x86.ActiveCfg = Debug|Win32
		{F4FAF638-47FB-40E9-8D73-0198D4F517D9}.Debug|x86.Build.0 = Debug|Win32
		{F4FAF638-47FB-40E9-8D73-0198D4F517D9}.Release|x64.ActiveCfg = Release|x64
		{F4FAF638-47FB-40E9-8D73-0198D4F517D9}.Release|x64.Build.0 = Release|x64
		{F4FAF638-47FB-40E9-8D73-0198D4F517D9}.Release|x86.ActiveCfg = Release|Win32
		{F4FAF638-47FB-40E9-8D73-0198D4F517D9}.Release|x86.Build.0 = Release|Win32
		{F70C3E60-6CD8-4098-A686-C22D69E69004}.Debug|x64.ActiveCfg = Debug|x64
		{F70C3E60-6CD8-4098-A686-C22D69E69004}.Debug|x64.Build.0 = Debug|x64
		{F70C3E60-6CD8-4098-A686-C22D69E69004}.Debug|x86.ActiveCfg = Debug|Win32
		{F70C3E60-6CD8-4098-A686-C22D69E69004}.Debug|x86.Build.0 = Debug|Win32
		{F70C3E60-6CD8-4098-A686-C22D69E69004}.Release|x64.ActiveCfg = Release|x64
		{F70C3E60-6CD8-4098-A686-C22D69E69004}.Release|x64.Build.0 = Release|x64
		{F70C3E60-6CD8-4098-A686-C22D69E69004}.Release|x86.ActiveCfg = Release|Win32
		{F70C3E60-6CD8-4098-A686-C22D69E69004}.Release|x86.Build.0 = Release|Win32
		{488EDDAA-051A-43FC-9A53-EE0F6D4A73E4}.Debug|x64.ActiveCfg = Debug|x64
		{488EDDAA-051A-43FC-9A53-EE0F6D4A73E4}.Debug|x64.Build.0 = Debug|x64
		{488EDDAA-051A-43FC-9A53-EE0F6D4A73E4}.Debug|x86.ActiveCfg = Debug|Win32
		{488EDDAA-051A-43FC-9A53-EE0F6D4A73E4}.Debug|x86.Build.0 = Debug|Win32
		{488EDDAA-051A-43FC-9A53-EE0F6D4A73E4}.Release|x64.ActiveCfg = Release|x64
		{488EDDAA-051A-43FC-9A53-EE0F6D4A73E4}.Release|x64.Build.0 = Release|x64
		{488EDDAA-051A-43FC-9A53-EE0F6D4A73E4}.Release|x86.ActiveCfg = Release|Win32
		{488EDDAA-051A-43FC-9A53-EE0F6D4A73E4}.Release|x86.Build.0 = Release|Win32
		{BB306CEC-B91F-4B7D-9B70-2B196A037DA1}.Debug|x64.ActiveCfg = Debug|x64
		{BB306CEC-B91F-4B7D-9B70-2B196A037DA1}.Debug|x64.Build.0 = Debug|x64
		{BB306CEC-B91F-4B7D-9B70-2B196A037DA1}.Debug|x86.ActiveCfg = Debug|Win32
		{BB306CEC-B91F-4B7D-9B70-2B196A037DA1}.Debug|x86.Build.0 = Debug|Win32
		{BB306CEC-B91F-4B7D-9B70-2B196A037DA1}.Release|x64.ActiveCfg = Release|x64
		{BB306CEC-B91F-4B7D-9B70-2B196A037DA1}.Release|x64.Build.0 = Release|x64
		{BB306CEC-B91F-4B7D-9B70-2B196A037DA1}.Release|x86.ActiveCfg = Release|Win32
		{BB306CEC-B91F-4B7D-9B70-2B196A037DA1}.Release|x86.Build.0 = Release|Win32
		{D1A248E8-08D4-49A5-ADB4-EE2A3F9CBC27}.Debug|x64.ActiveCfg = Debug|x64
		{D1A248E8-08D4-49A5-ADB4-EE2A3F9CBC27}.Debug|x64.Build.0 = Debug|x64
		{D1A248E8-08D4-49A5-ADB4-EE2A3F9CBC27}.Debug|x86.ActiveCfg = Debug|Win32
		{D1A248E8-08D4-49A5-ADB4-EE2A3F9CBC27}.Debug|x86.Build.0 = Debug|Win32
		{D1A248E8-08D4-49A5-ADB4-EE2A3F9CBC27}.Release|x64.ActiveCfg = Release|x64
		{D1A248E8-08D4-49A5-ADB4-EE2A3F9CBC27}.Release|x64.Build.0 = Release|x64
		{D1A248E8-08D4-49A5-ADB4-EE2A3F9CBC27}.Release|x86.ActiveCfg = Release|Win32
		{D1A248E8-08D4-49A5-ADB4-EE2A3F9CBC27}.Release|x86.Build.0 = Release|Win32
		{71DE2E48-2843-4484-8F3D-F888EAA41281}.Debug|x64.ActiveCfg = Debug|x64
		{71DE2E48-2843-4484-8F3D-F888EAA41281}.Debug|x64.Build.0 = Debug|x64
		{71DE2E48-2843-4484-8F3D-F888EAA41281}.Debug|x86.ActiveCfg = Debug|Win32
		{71DE2E48-2843-4484-8F3D-F888EAA41281}.Debug|x86.Build.0 = Debug|Win32
		{71DE2E48-2843-4484-8F3D-F888EAA41281}.Release|x64.ActiveCfg = Release|x64
		{71DE2E48-2843-4484-8F3D-F888EAA41281}.Release|x64.Build.0 = Release|x64
		{71DE2E48-2843-4484-8F3D-F888EAA41281}.Release|x86.ActiveCfg = Release|Win32
		{71DE2E48-2843-4484-8F3D-F888EAA41281}.Release|x86.Build.0 = Release|Win32
		{CF7D1C47-391E-4A67-A098-20BC859D5DE2}.Debug|x64.ActiveCfg = Debug|x64
		{CF7D1C47-391E-4A67-A098-20BC859D5DE2}.Debug|x64.Build.0 = Debug|x64
		{CF7D1C47-391E-4A67-A098-20BC859D5DE2}.Debug|x86.ActiveCfg = Debug|Win32
		{CF7D1C47-391E-4A67-A098-20BC859D5DE2}.Debug|x86.Build.0 = Debug|Win32
		{CF7D1C47-391E-4A67-A098-20BC859D5DE2}.Release|x64.ActiveCfg = Release|x64
		{CF7D1C47-391E-4A67-A098-20BC859D5DE2}.Release|x64.Build.0 = Release|x64
		{CF7D1C47-391E-4A67-A098-20BC859D5DE2}.Release|x86.ActiveCfg = Release|Win32
		{CF7D1C47-391E-4A67-A098-20BC859D5DE2}.Release|x86.Build.0 = Release|Win32
		{EC574DC0-A5A8-49A4-9765-222C8032CBEC}.Debug|x64.ActiveCfg = Debug|x64
		{EC574DC0-A5A8-49A4-9765-222C8032CBEC}.Debug|x64.Build.0 = Debug|x64
		{EC574DC0-A5A8-49A4-9765-222C8032CBEC}.Debug|x86.ActiveCfg = Debug|Win32
		{EC574DC0-A5A8-49A4-9765-222C8032CBEC}.Debug|x86.Build.0 = Debug|Win32
		{EC574DC0-A5A8-49A4-9765-222C8032CBEC}.Release|x64.ActiveCfg = Release|x64
		{EC574DC0-A5A8-49A4-9765-222C8032CBEC}.Release|x64.Build.0 = Release|x64
		{EC574DC0-A5A8-49A4-9765-222C8032CBEC}.Release|x86.ActiveCfg = Release|Win32
		{EC574DC0-A5A8-49A4-9765-222C8032CBEC}.Release|x86.Build.0 = Release|Win32
		{E2AA0191-A784-4246-9DA4-BD3AAC63321B}.Debug|x64.ActiveCfg = Debug|x64
		{E2AA0191-A784-4246-9DA4-BD3AAC63321B}.Debug|x64.Build.0 = Debug|x64
		{E2AA0191-A784-4246-9DA4-BD3AAC63321B}.Debug|x86.ActiveCfg = Debug|Win32
		{E2AA0191-A784-4246-9DA4-BD3AAC63321B}.Debug|x86.Build.0 = Debug|Win32
		{E2AA0191-A784-4246-9DA4-BD3AAC63321B}.Release|x64.ActiveCfg = Release|x64
		{E2AA0191-A784-4246-9DA4-BD3AAC63321B}.Release|x64.Build.0 = Release|x64
		{E2AA0191-A784-4246-9DA4-BD3AAC63321B}.Release|x86.ActiveCfg = Release|Win32
		{E2AA0191-A784-4246-9DA4-BD3AAC63321B}.Release|x86.Build.0 = Release|Win32
		{977B94BC-4268-4E78-BDCA-B5A8EBCDA3AF}.Debug|x64.ActiveCfg = Debug|x64
		{977B94BC-4268-4E78-BDCA-B5A8EBCDA3AF}.Debug|x64.Build.0 = Debug|x64
		{977B94BC-4268-4E78-BDCA-B5A8EBCDA3AF}.Debug|x86.ActiveCfg = Debug|Win32
		{977B94BC-4268-4E78-BDCA-B5A8EBCDA3AF}.Debug|x86.Build.0 = Debug|Win32
		{977B94BC-4268-4E78-BDCA-B5A8EBCDA3AF}.Release|x64.ActiveCfg = Release|x64
		{977B94BC-4268-4E78-BDCA-B5A8EBCDA3AF}.Release|x64.Build.0 = Release|x64
		{977B94BC-4268-4E78-BDCA-B5A8EBCDA3AF}.Release|x86.ActiveCfg = Release|Win32
		{977B94BC-4268-4E78-BDCA-B5A8EBCDA3AF}.Release|x86.Build.0 = Release|Win32
	EndGlobalSection
	GlobalSection(SolutionProperties) = preSolution
		HideSolutionNode = FALSE
	EndGlobalSection
	GlobalSection(ExtensibilityGlobals) = postSolution
		SolutionGuid = {82155A72-6BFD-41A7-A309-F595E982D7ED}
	EndGlobalSection
EndGlobal
